
Microsoft Visual Studio Solution File, Format Version 12.00
# Visual Studio Version 17
VisualStudioVersion = 17.0.31912.275
MinimumVisualStudioVersion = 10.0.40219.1
Project("{8BC9CEB8-8B4A-11D0-8D11-00A0C91BC942}") = "mp2-lab3-stack", "mp2-lab3-stack\mp2-lab3-stack.vcxproj", "{473775F7-C13A-42CE-A1E2-DCF3507D281E}"
EndProject
Project("{8BC9CEB8-8B4A-11D0-8D11-00A0C91BC942}") = "double-stack", "double-stack\double-stack.vcxproj", "{44E17C0E-F833-443A-9C5C-20F7A03E430D}"
EndProject
Project("{8BC9CEB8-8B4A-11D0-8D11-00A0C91BC942}") = "mp2-lab3-stack-test", "mp2-lab3-stack-test\mp2-lab3-stack-test.vcxproj", "{1BD4543B-0520-4B90-ACB8-6FD060411FB9}"
EndProject
Project("{8BC9CEB8-8B4A-11D0-8D11-00A0C91BC942}") = "mp2-lab3-stack-form", "mp2-lab3-stack-form\mp2-lab3-stack-form.vcxproj", "{F6DE746C-E760-4C1E-B40B-7A4D22793E0A}"
EndProject
Project("{8BC9CEB8-8B4A-11D0-8D11-00A0C91BC942}") = "stack-with-list", "stack-with-list\stack-with-list.vcxproj", "{1B9F7608-B321-4BA8-95C0-C0FF37F00418}"
EndProject
Global
	GlobalSection(SolutionConfigurationPlatforms) = preSolution
		Debug|x64 = Debug|x64
		Debug|x86 = Debug|x86
		Release|x64 = Release|x64
		Release|x86 = Release|x86
	EndGlobalSection
	GlobalSection(ProjectConfigurationPlatforms) = postSolution
		{473775F7-C13A-42CE-A1E2-DCF3507D281E}.Debug|x64.ActiveCfg = Debug|x64
		{473775F7-C13A-42CE-A1E2-DCF3507D281E}.Debug|x64.Build.0 = Debug|x64
		{473775F7-C13A-42CE-A1E2-DCF3507D281E}.Debug|x86.ActiveCfg = Debug|Win32
		{473775F7-C13A-42CE-A1E2-DCF3507D281E}.Debug|x86.Build.0 = Debug|Win32
		{473775F7-C13A-42CE-A1E2-DCF3507D281E}.Release|x64.ActiveCfg = Release|x64
		{473775F7-C13A-42CE-A1E2-DCF3507D281E}.Release|x64.Build.0 = Release|x64
		{473775F7-C13A-42CE-A1E2-DCF3507D281E}.Release|x86.ActiveCfg = Release|Win32
		{473775F7-C13A-42CE-A1E2-DCF3507D281E}.Release|x86.Build.0 = Release|Win32
		{44E17C0E-F833-443A-9C5C-20F7A03E430D}.Debug|x64.ActiveCfg = Debug|x64
		{44E17C0E-F833-443A-9C5C-20F7A03E430D}.Debug|x64.Build.0 = Debug|x64
		{44E17C0E-F833-443A-9C5C-20F7A03E430D}.Debug|x86.ActiveCfg = Debug|Win32
		{44E17C0E-F833-443A-9C5C-20F7A03E430D}.Debug|x86.Build.0 = Debug|Win32
		{44E17C0E-F833-443A-9C5C-20F7A03E430D}.Release|x64.ActiveCfg = Release|x64
		{44E17C0E-F833-443A-9C5C-20F7A03E430D}.Release|x64.Build.0 = Release|x64
		{44E17C0E-F833-443A-9C5C-20F7A03E430D}.Release|x86.ActiveCfg = Release|Win32
		{44E17C0E-F833-443A-9C5C-20F7A03E430D}.Release|x86.Build.0 = Release|Win32
		{1BD4543B-0520-4B90-ACB8-6FD060411FB9}.Debug|x64.ActiveCfg = Debug|x64
		{1BD4543B-0520-4B90-ACB8-6FD060411FB9}.Debug|x64.Build.0 = Debug|x64
		{1BD4543B-0520-4B90-ACB8-6FD060411FB9}.Debug|x86.ActiveCfg = Debug|Win32
		{1BD4543B-0520-4B90-ACB8-6FD060411FB9}.Debug|x86.Build.0 = Debug|Win32
		{1BD4543B-0520-4B90-ACB8-6FD060411FB9}.Release|x64.ActiveCfg = Release|x64
		{1BD4543B-0520-4B90-ACB8-6FD060411FB9}.Release|x64.Build.0 = Release|x64
		{1BD4543B-0520-4B90-ACB8-6FD060411FB9}.Release|x86.ActiveCfg = Release|Win32
		{1BD4543B-0520-4B90-ACB8-6FD060411FB9}.Release|x86.Build.0 = Release|Win32
		{F6DE746C-E760-4C1E-B40B-7A4D22793E0A}.Debug|x64.ActiveCfg = Debug|x64
		{F6DE746C-E760-4C1E-B40B-7A4D22793E0A}.Debug|x64.Build.0 = Debug|x64
		{F6DE746C-E760-4C1E-B40B-7A4D22793E0A}.Debug|x86.ActiveCfg = Debug|Win32
		{F6DE746C-E760-4C1E-B40B-7A4D22793E0A}.Debug|x86.Build.0 = Debug|Win32
		{F6DE746C-E760-4C1E-B40B-7A4D22793E0A}.Release|x64.ActiveCfg = Release|x64
		{F6DE746C-E760-4C1E-B40B-7A4D22793E0A}.Release|x64.Build.0 = Release|x64
		{F6DE746C-E760-4C1E-B40B-7A4D22793E0A}.Release|x86.ActiveCfg = Release|Win32
		{F6DE746C-E760-4C1E-B40B-7A4D22793E0A}.Release|x86.Build.0 = Release|Win32
		{1B9F7608-B321-4BA8-95C0-C0FF37F00418}.Debug|x64.ActiveCfg = Debug|x64
		{1B9F7608-B321-4BA8-95C0-C0FF37F00418}.Debug|x64.Build.0 = Debug|x64
		{1B9F7608-B321-4BA8-95C0-C0FF37F00418}.Debug|x86.ActiveCfg = Debug|Win32
		{1B9F7608-B321-4BA8-95C0-C0FF37F00418}.Debug|x86.Build.0 = Debug|Win32
		{1B9F7608-B321-4BA8-95C0-C0FF37F00418}.Release|x64.ActiveCfg = Release|x64
		{1B9F7608-B321-4BA8-95C0-C0FF37F00418}.Release|x64.Build.0 = Release|x64
		{1B9F7608-B321-4BA8-95C0-C0FF37F00418}.Release|x86.ActiveCfg = Release|Win32
		{1B9F7608-B321-4BA8-95C0-C0FF37F00418}.Release|x86.Build.0 = Release|Win32
	EndGlobalSection
	GlobalSection(SolutionProperties) = preSolution
		HideSolutionNode = FALSE
	EndGlobalSection
	GlobalSection(ExtensibilityGlobals) = postSolution
		SolutionGuid = {0C78B329-E73B-4A3F-AB05-8032CF4EE6DD}
	EndGlobalSection
EndGlobal
